
Microsoft Visual Studio Solution File, Format Version 12.00
# Visual Studio Version 17
VisualStudioVersion = 17.14.36623.8 d17.14
MinimumVisualStudioVersion = 10.0.40219.1
Project("{00D1A9C2-B5F0-4AF3-8072-F6C62B433612}") = "BookStoreDW", "BookStoreDW.sqlproj", "{6F99BA24-557D-4E71-802F-F773448BE0B6}"
EndProject
Global
	GlobalSection(SolutionConfigurationPlatforms) = preSolution
		Debug|Any CPU = Debug|Any CPU
		Release|Any CPU = Release|Any CPU
	EndGlobalSection
	GlobalSection(ProjectConfigurationPlatforms) = postSolution
		{6F99BA24-557D-4E71-802F-F773448BE0B6}.Debug|Any CPU.ActiveCfg = Debug|Any CPU
		{6F99BA24-557D-4E71-802F-F773448BE0B6}.Debug|Any CPU.Build.0 = Debug|Any CPU
		{6F99BA24-557D-4E71-802F-F773448BE0B6}.Debug|Any CPU.Deploy.0 = Debug|Any CPU
		{6F99BA24-557D-4E71-802F-F773448BE0B6}.Release|Any CPU.ActiveCfg = Release|Any CPU
		{6F99BA24-557D-4E71-802F-F773448BE0B6}.Release|Any CPU.Build.0 = Release|Any CPU
		{6F99BA24-557D-4E71-802F-F773448BE0B6}.Release|Any CPU.Deploy.0 = Release|Any CPU
	EndGlobalSection
	GlobalSection(SolutionProperties) = preSolution
		HideSolutionNode = FALSE
	EndGlobalSection
	GlobalSection(ExtensibilityGlobals) = postSolution
		SolutionGuid = {7BFA15B9-66A5-49CB-9C05-510640F18813}
	EndGlobalSection
EndGlobal
