
Microsoft Visual Studio Solution File, Format Version 12.00
# Visual Studio Version 17
VisualStudioVersion = 17.14.36623.8 d17.14
MinimumVisualStudioVersion = 10.0.40219.1
Project("{00D1A9C2-B5F0-4AF3-8072-F6C62B433612}") = "BooksStoreOLTP", "BooksStoreOLTP.sqlproj", "{50F10770-C0A5-4CDC-A559-03A906471390}"
EndProject
Global
	GlobalSection(SolutionConfigurationPlatforms) = preSolution
		Debug|Any CPU = Debug|Any CPU
		Release|Any CPU = Release|Any CPU
	EndGlobalSection
	GlobalSection(ProjectConfigurationPlatforms) = postSolution
		{50F10770-C0A5-4CDC-A559-03A906471390}.Debug|Any CPU.ActiveCfg = Debug|Any CPU
		{50F10770-C0A5-4CDC-A559-03A906471390}.Debug|Any CPU.Build.0 = Debug|Any CPU
		{50F10770-C0A5-4CDC-A559-03A906471390}.Debug|Any CPU.Deploy.0 = Debug|Any CPU
		{50F10770-C0A5-4CDC-A559-03A906471390}.Release|Any CPU.ActiveCfg = Release|Any CPU
		{50F10770-C0A5-4CDC-A559-03A906471390}.Release|Any CPU.Build.0 = Release|Any CPU
		{50F10770-C0A5-4CDC-A559-03A906471390}.Release|Any CPU.Deploy.0 = Release|Any CPU
	EndGlobalSection
	GlobalSection(SolutionProperties) = preSolution
		HideSolutionNode = FALSE
	EndGlobalSection
	GlobalSection(ExtensibilityGlobals) = postSolution
		SolutionGuid = {064386D9-CE4A-4285-B4FE-E6F1979EAAEA}
	EndGlobalSection
EndGlobal
